
Microsoft Visual Studio Solution File, Format Version 12.00
# Visual Studio Version 16
VisualStudioVersion = 16.0.30114.105
MinimumVisualStudioVersion = 10.0.40219.1
Project("{2150E333-8FDC-42A3-9474-1A3956D46DE8}") = "Microservices", "Microservices", "{256A57AF-95EA-4059-AC45-E85A2E40CF6B}"
EndProject
Project("{2150E333-8FDC-42A3-9474-1A3956D46DE8}") = "Domain", "Domain", "{142AEEFC-0051-4206-B746-75F8BA60DF4C}"
EndProject
Project("{2150E333-8FDC-42A3-9474-1A3956D46DE8}") = "Infra.Bus", "Infra.Bus", "{BC817913-E431-4304-A556-4C084DEBF44D}"
EndProject
Project("{2150E333-8FDC-42A3-9474-1A3956D46DE8}") = "Infra.IoC", "Infra.IoC", "{E8494411-783B-4AC2-B259-FA8CD196935F}"
EndProject
Project("{2150E333-8FDC-42A3-9474-1A3956D46DE8}") = "Presentation", "Presentation", "{8325FC90-9EE4-4661-BF0F-59F098743D40}"
EndProject
Project("{FAE04EC0-301F-11D3-BF4B-00C04F79EFBC}") = "MicroRabbit.Domain.Core", "MicroRabbit.Domain.Core\MicroRabbit.Domain.Core.csproj", "{3EFD0723-C690-4AE0-9A72-7F0F65473CE2}"
EndProject
Project("{FAE04EC0-301F-11D3-BF4B-00C04F79EFBC}") = "MicroRabbit.Infra.Bus", "MicroRabbit.Infra.Bus\MicroRabbit.Infra.Bus.csproj", "{09B2A6C5-9C89-4364-849B-16D63E3FE42C}"
EndProject
Project("{FAE04EC0-301F-11D3-BF4B-00C04F79EFBC}") = "MicroRabbit.Infr.IoC", "MicroRabbit.Infr.IoC\MicroRabbit.Infr.IoC.csproj", "{E41E5363-4A93-46CC-B12B-B30C0B6D7B6F}"
EndProject
Project("{2150E333-8FDC-42A3-9474-1A3956D46DE8}") = "Banking", "Banking", "{3A4963CE-B38C-4753-BC6B-11A0EDD9282B}"
EndProject
Project("{2150E333-8FDC-42A3-9474-1A3956D46DE8}") = "Api", "Api", "{18EB5D3D-85AE-4D2C-B852-99BF9952D437}"
EndProject
Project("{2150E333-8FDC-42A3-9474-1A3956D46DE8}") = "Domain", "Domain", "{837C0743-D5DD-4E92-8302-2D48F8CD1D9A}"
EndProject
Project("{2150E333-8FDC-42A3-9474-1A3956D46DE8}") = "Application", "Application", "{8009DB1E-FB18-4E75-BAC6-D19D7EE43B38}"
EndProject
Project("{2150E333-8FDC-42A3-9474-1A3956D46DE8}") = "Data", "Data", "{D934EA81-0C56-44BC-BCF9-CBBC00A2FBB6}"
EndProject
Project("{FAE04EC0-301F-11D3-BF4B-00C04F79EFBC}") = "MicroRabbit.Banking.Application", "MicroRabbit.Banking.Application\MicroRabbit.Banking.Application.csproj", "{E14028E2-19EC-4BC5-9D3B-8EA25B127C1E}"
EndProject
Project("{FAE04EC0-301F-11D3-BF4B-00C04F79EFBC}") = "MicroRabbit.Banking.Data", "MicroRabbit.Banking.Data\MicroRabbit.Banking.Data.csproj", "{1EAD2B2E-0C75-4B61-8360-89C24CC2DD96}"
EndProject
Project("{FAE04EC0-301F-11D3-BF4B-00C04F79EFBC}") = "MicroRabbit.Banking.Domain", "MicroRabbit.Banking.Domain\MicroRabbit.Banking.Domain.csproj", "{F8741EE4-1E48-4558-ACD0-7C9175CBC1DB}"
EndProject
Project("{FAE04EC0-301F-11D3-BF4B-00C04F79EFBC}") = "MicroRabbit.Banking.Api", "MicroRabbit.Banking.Api\MicroRabbit.Banking.Api.csproj", "{6C72278A-473A-4B9F-9688-95E5B91E5F1E}"
EndProject
Global
	GlobalSection(SolutionConfigurationPlatforms) = preSolution
		Debug|Any CPU = Debug|Any CPU
		Release|Any CPU = Release|Any CPU
	EndGlobalSection
	GlobalSection(ProjectConfigurationPlatforms) = postSolution
		{3EFD0723-C690-4AE0-9A72-7F0F65473CE2}.Debug|Any CPU.ActiveCfg = Debug|Any CPU
		{3EFD0723-C690-4AE0-9A72-7F0F65473CE2}.Debug|Any CPU.Build.0 = Debug|Any CPU
		{3EFD0723-C690-4AE0-9A72-7F0F65473CE2}.Release|Any CPU.ActiveCfg = Release|Any CPU
		{3EFD0723-C690-4AE0-9A72-7F0F65473CE2}.Release|Any CPU.Build.0 = Release|Any CPU
		{09B2A6C5-9C89-4364-849B-16D63E3FE42C}.Debug|Any CPU.ActiveCfg = Debug|Any CPU
		{09B2A6C5-9C89-4364-849B-16D63E3FE42C}.Debug|Any CPU.Build.0 = Debug|Any CPU
		{09B2A6C5-9C89-4364-849B-16D63E3FE42C}.Release|Any CPU.ActiveCfg = Release|Any CPU
		{09B2A6C5-9C89-4364-849B-16D63E3FE42C}.Release|Any CPU.Build.0 = Release|Any CPU
		{E41E5363-4A93-46CC-B12B-B30C0B6D7B6F}.Debug|Any CPU.ActiveCfg = Debug|Any CPU
		{E41E5363-4A93-46CC-B12B-B30C0B6D7B6F}.Debug|Any CPU.Build.0 = Debug|Any CPU
		{E41E5363-4A93-46CC-B12B-B30C0B6D7B6F}.Release|Any CPU.ActiveCfg = Release|Any CPU
		{E41E5363-4A93-46CC-B12B-B30C0B6D7B6F}.Release|Any CPU.Build.0 = Release|Any CPU
		{E14028E2-19EC-4BC5-9D3B-8EA25B127C1E}.Debug|Any CPU.ActiveCfg = Debug|Any CPU
		{E14028E2-19EC-4BC5-9D3B-8EA25B127C1E}.Debug|Any CPU.Build.0 = Debug|Any CPU
		{E14028E2-19EC-4BC5-9D3B-8EA25B127C1E}.Release|Any CPU.ActiveCfg = Release|Any CPU
		{E14028E2-19EC-4BC5-9D3B-8EA25B127C1E}.Release|Any CPU.Build.0 = Release|Any CPU
		{1EAD2B2E-0C75-4B61-8360-89C24CC2DD96}.Debug|Any CPU.ActiveCfg = Debug|Any CPU
		{1EAD2B2E-0C75-4B61-8360-89C24CC2DD96}.Debug|Any CPU.Build.0 = Debug|Any CPU
		{1EAD2B2E-0C75-4B61-8360-89C24CC2DD96}.Release|Any CPU.ActiveCfg = Release|Any CPU
		{1EAD2B2E-0C75-4B61-8360-89C24CC2DD96}.Release|Any CPU.Build.0 = Release|Any CPU
		{F8741EE4-1E48-4558-ACD0-7C9175CBC1DB}.Debug|Any CPU.ActiveCfg = Debug|Any CPU
		{F8741EE4-1E48-4558-ACD0-7C9175CBC1DB}.Debug|Any CPU.Build.0 = Debug|Any CPU
		{F8741EE4-1E48-4558-ACD0-7C9175CBC1DB}.Release|Any CPU.ActiveCfg = Release|Any CPU
		{F8741EE4-1E48-4558-ACD0-7C9175CBC1DB}.Release|Any CPU.Build.0 = Release|Any CPU
		{6C72278A-473A-4B9F-9688-95E5B91E5F1E}.Debug|Any CPU.ActiveCfg = Debug|Any CPU
		{6C72278A-473A-4B9F-9688-95E5B91E5F1E}.Debug|Any CPU.Build.0 = Debug|Any CPU
		{6C72278A-473A-4B9F-9688-95E5B91E5F1E}.Release|Any CPU.ActiveCfg = Release|Any CPU
		{6C72278A-473A-4B9F-9688-95E5B91E5F1E}.Release|Any CPU.Build.0 = Release|Any CPU
	EndGlobalSection
	GlobalSection(SolutionProperties) = preSolution
		HideSolutionNode = FALSE
	EndGlobalSection
	GlobalSection(NestedProjects) = preSolution
		{3EFD0723-C690-4AE0-9A72-7F0F65473CE2} = {142AEEFC-0051-4206-B746-75F8BA60DF4C}
		{09B2A6C5-9C89-4364-849B-16D63E3FE42C} = {BC817913-E431-4304-A556-4C084DEBF44D}
		{E41E5363-4A93-46CC-B12B-B30C0B6D7B6F} = {E8494411-783B-4AC2-B259-FA8CD196935F}
		{3A4963CE-B38C-4753-BC6B-11A0EDD9282B} = {256A57AF-95EA-4059-AC45-E85A2E40CF6B}
		{18EB5D3D-85AE-4D2C-B852-99BF9952D437} = {3A4963CE-B38C-4753-BC6B-11A0EDD9282B}
		{837C0743-D5DD-4E92-8302-2D48F8CD1D9A} = {3A4963CE-B38C-4753-BC6B-11A0EDD9282B}
		{8009DB1E-FB18-4E75-BAC6-D19D7EE43B38} = {3A4963CE-B38C-4753-BC6B-11A0EDD9282B}
		{D934EA81-0C56-44BC-BCF9-CBBC00A2FBB6} = {3A4963CE-B38C-4753-BC6B-11A0EDD9282B}
		{E14028E2-19EC-4BC5-9D3B-8EA25B127C1E} = {8009DB1E-FB18-4E75-BAC6-D19D7EE43B38}
		{1EAD2B2E-0C75-4B61-8360-89C24CC2DD96} = {D934EA81-0C56-44BC-BCF9-CBBC00A2FBB6}
		{F8741EE4-1E48-4558-ACD0-7C9175CBC1DB} = {837C0743-D5DD-4E92-8302-2D48F8CD1D9A}
		{6C72278A-473A-4B9F-9688-95E5B91E5F1E} = {18EB5D3D-85AE-4D2C-B852-99BF9952D437}
	EndGlobalSection
	GlobalSection(ExtensibilityGlobals) = postSolution
		SolutionGuid = {AA17D31B-6BC0-447C-AF4A-5570877E2F27}
	EndGlobalSection
EndGlobal
